// !$*UTF8*$!
{
	archiveVersion = 1;
	classes = {
	};
	objectVersion = 56;
	objects = {

/* Begin PBXBuildFile section */
		AAAA0001000000000000B001 /* BirdNionApp.swift in Sources */ = {isa = PBXBuildFile; fileRef = AAAA0002000000000000F001 /* BirdNionApp.swift */; };
		BBBB0001000000000000B001 /* ProviderStatus.swift in Sources */ = {isa = PBXBuildFile; fileRef = BBBB0002000000000000F001 /* ProviderStatus.swift */; };
		BBBB0003000000000000B002 /* QuotaProvider.swift in Sources */ = {isa = PBXBuildFile; fileRef = BBBB0004000000000000F002 /* QuotaProvider.swift */; };
		CCCC0001000000000000B001 /* ProviderStatusTests.swift in Sources */ = {isa = PBXBuildFile; fileRef = CCCC0002000000000000F001 /* ProviderStatusTests.swift */; };
		CCCC0005000000000000B003 /* MiniMaxProviderParserTests.swift in Sources */ = {isa = PBXBuildFile; fileRef = CCCC0006000000000000F003 /* MiniMaxProviderParserTests.swift */; };
		CCCC0007000000000000B004 /* HapoHubProviderTests.swift in Sources */ = {isa = PBXBuildFile; fileRef = CCCC0008000000000000F004 /* HapoHubProviderTests.swift */; };
		CCCC0009000000000000B005 /* QuotaServicePollingTests.swift in Sources */ = {isa = PBXBuildFile; fileRef = CCCC000A000000000000F005 /* QuotaServicePollingTests.swift */; };
		CCCC000D000000000000B007 /* StubURLProtocol.swift in Sources */ = {isa = PBXBuildFile; fileRef = CCCC000E000000000000F007 /* StubURLProtocol.swift */; };
		CCCC000F000000000000B008 /* BirdNionTests.xctest in Frameworks */ = {isa = PBXBuildFile; fileRef = CCCC001000000000000F008 /* BirdNionTests.xctest */; };
		DDDD0003000000000000B002 /* ConfigService.swift in Sources */ = {isa = PBXBuildFile; fileRef = DDDD0004000000000000F002 /* ConfigService.swift */; };
		DDDD0005000000000000B003 /* QuotaService.swift in Sources */ = {isa = PBXBuildFile; fileRef = DDDD0006000000000000F003 /* QuotaService.swift */; };
		DDDD0009000000000000B005 /* MiniMaxProvider.swift in Sources */ = {isa = PBXBuildFile; fileRef = DDDD000A000000000000F005 /* MiniMaxProvider.swift */; };
		DDDD00E1000000000000B0E0 /* OpenRouterProvider.swift in Sources */ = {isa = PBXBuildFile; fileRef = DDDD00F1000000000000F0E0 /* OpenRouterProvider.swift */; };
		DDDD00E2000000000000B0E0 /* DeepSeekProvider.swift in Sources */ = {isa = PBXBuildFile; fileRef = DDDD00F2000000000000F0E0 /* DeepSeekProvider.swift */; };
		DDDD00E3000000000000B0E0 /* ZaiProvider.swift in Sources */ = {isa = PBXBuildFile; fileRef = DDDD00F3000000000000F0E0 /* ZaiProvider.swift */; };
		DDDD00E4000000000000B0E0 /* ClaudeProvider.swift in Sources */ = {isa = PBXBuildFile; fileRef = DDDD00F4000000000000F0E0 /* ClaudeProvider.swift */; };
		ELP00001000000000000B01 /* ElevenLabsProvider.swift in Sources */ = {isa = PBXBuildFile; fileRef = ELP00002000000000000F01 /* ElevenLabsProvider.swift */; };
		DGP00001000000000000B01 /* DeepgramProvider.swift in Sources */ = {isa = PBXBuildFile; fileRef = DGP00002000000000000F01 /* DeepgramProvider.swift */; };
		GRP00001000000000000B01 /* GroqProvider.swift in Sources */ = {isa = PBXBuildFile; fileRef = GRP00002000000000000F01 /* GroqProvider.swift */; };
		CPL00001000000000000B01 /* CopilotProvider.swift in Sources */ = {isa = PBXBuildFile; fileRef = CPL00002000000000000F01 /* CopilotProvider.swift */; };
		CPL00003000000000000B01 /* CopilotOAuth.swift in Sources */ = {isa = PBXBuildFile; fileRef = CPL00004000000000000F01 /* CopilotOAuth.swift */; };
		KIL00001000000000000B01 /* KiloProvider.swift in Sources */ = {isa = PBXBuildFile; fileRef = KIL00002000000000000F01 /* KiloProvider.swift */; };
		KIL00003000000000000B01 /* KiloUsageSource.swift in Sources */ = {isa = PBXBuildFile; fileRef = KIL00004000000000000F01 /* KiloUsageSource.swift */; };
		KIL00005000000000000B01 /* KiloOrganization.swift in Sources */ = {isa = PBXBuildFile; fileRef = KIL00006000000000000F01 /* KiloOrganization.swift */; };
		PCR00001000000000000B01 /* ProviderCookieReader.swift in Sources */ = {isa = PBXBuildFile; fileRef = PCR00002000000000000F01 /* ProviderCookieReader.swift */; };
		CMC00001000000000000B01 /* CommandCodeProvider.swift in Sources */ = {isa = PBXBuildFile; fileRef = CMC00002000000000000F01 /* CommandCodeProvider.swift */; };
		FRM00001000000000000B01 /* FreemodelProvider.swift in Sources */ = {isa = PBXBuildFile; fileRef = FRM00002000000000000F01 /* FreemodelProvider.swift */; };
		MIM00001000000000000B01 /* MiMoProvider.swift in Sources */ = {isa = PBXBuildFile; fileRef = MIM00002000000000000F01 /* MiMoProvider.swift */; };
		CUR00001000000000000B01 /* CursorProvider.swift in Sources */ = {isa = PBXBuildFile; fileRef = CUR00002000000000000F01 /* CursorProvider.swift */; };
		ALB00001000000000000B01 /* AlibabaProvider.swift in Sources */ = {isa = PBXBuildFile; fileRef = ALB00002000000000000F01 /* AlibabaProvider.swift */; };
		OPC00001000000000000B01 /* OpenCodeProvider.swift in Sources */ = {isa = PBXBuildFile; fileRef = OPC00002000000000000F01 /* OpenCodeProvider.swift */; };
		OCG00001000000000000B01 /* OpenCodeGoProvider.swift in Sources */ = {isa = PBXBuildFile; fileRef = OCG00002000000000000F01 /* OpenCodeGoProvider.swift */; };
		GEM00001000000000000B01 /* GeminiProvider.swift in Sources */ = {isa = PBXBuildFile; fileRef = GEM00002000000000000F01 /* GeminiProvider.swift */; };
		KRO00001000000000000B01 /* KiroProvider.swift in Sources */ = {isa = PBXBuildFile; fileRef = KRO00002000000000000F01 /* KiroProvider.swift */; };
		ANT00001000000000000B01 /* AntigravityProvider.swift in Sources */ = {isa = PBXBuildFile; fileRef = ANT00002000000000000F01 /* AntigravityProvider.swift */; };
		ANT00003000000000000B01 /* AntigravityOAuth.swift in Sources */ = {isa = PBXBuildFile; fileRef = ANT00004000000000000F01 /* AntigravityOAuth.swift */; };
		BED00001000000000000B01 /* BedrockProvider.swift in Sources */ = {isa = PBXBuildFile; fileRef = BED00002000000000000F01 /* BedrockProvider.swift */; };
		PVD0001000000000000B001 /* ClaudeCLIVersionDetector.swift in Sources */ = {isa = PBXBuildFile; fileRef = PVD0002000000000000F002 /* ClaudeCLIVersionDetector.swift */; };
		CC0002000000000000B001 /* ClaudeCostScanner.swift in Sources */ = {isa = PBXBuildFile; fileRef = CC0001000000000000F001 /* ClaudeCostScanner.swift */; };
		CLM00001000000000000B01 /* ClaudeUsageModels.swift in Sources */ = {isa = PBXBuildFile; fileRef = CLM00002000000000000F01 /* ClaudeUsageModels.swift */; };
		CLP00001000000000000B01 /* ClaudeSourcePlanner.swift in Sources */ = {isa = PBXBuildFile; fileRef = CLP00002000000000000F01 /* ClaudeSourcePlanner.swift */; };
		CLU00001000000000000B01 /* ClaudeUsageOrchestrator.swift in Sources */ = {isa = PBXBuildFile; fileRef = CLU00002000000000000F01 /* ClaudeUsageOrchestrator.swift */; };
		CLO00001000000000000B01 /* ClaudeOAuth.swift in Sources */ = {isa = PBXBuildFile; fileRef = CLO00002000000000000F01 /* ClaudeOAuth.swift */; };
		CLA00001000000000000B01 /* ClaudeAdminAPIUsage.swift in Sources */ = {isa = PBXBuildFile; fileRef = CLA00002000000000000F01 /* ClaudeAdminAPIUsage.swift */; };
		CLT00001000000000000B01 /* ClaudeTokenAccounts.swift in Sources */ = {isa = PBXBuildFile; fileRef = CLT00002000000000000F01 /* ClaudeTokenAccounts.swift */; };
		CLC00001000000000000B01 /* ClaudeCLISession.swift in Sources */ = {isa = PBXBuildFile; fileRef = CLC00002000000000000F01 /* ClaudeCLISession.swift */; };
		CLG00001000000000000B01 /* ClaudeCLIRateLimitGate.swift in Sources */ = {isa = PBXBuildFile; fileRef = CLG00002000000000000F01 /* ClaudeCLIRateLimitGate.swift */; };
		CLW00001000000000000B01 /* ClaudeWebCookieReader.swift in Sources */ = {isa = PBXBuildFile; fileRef = CLW00002000000000000F01 /* ClaudeWebCookieReader.swift */; };
		CWF00001000000000000B01 /* ClaudeWebAPIFetcher.swift in Sources */ = {isa = PBXBuildFile; fileRef = CWF00002000000000000F01 /* ClaudeWebAPIFetcher.swift */; };
		MV0001000000000000B001 /* MenuBarVisibility.swift in Sources */ = {isa = PBXBuildFile; fileRef = MV0002000000000000F001 /* MenuBarVisibility.swift */; };
		LSP0003000000000000BF001 /* CodexBarCore in Frameworks */ = {isa = PBXBuildFile; productRef = LSP0002000000000000PD001 /* CodexBarCore */; };
		SCK00003000000000000BF02 /* SweetCookieKit in Frameworks */ = {isa = PBXBuildFile; productRef = SCK00002000000000000PD02 /* SweetCookieKit */; };
		DDDD000B0000000000B006 /* HapoHubConfig.swift in Sources */ = {isa = PBXBuildFile; fileRef = DDDD000C000000000000F006 /* HapoHubConfig.swift */; };
		DDDD000D0000000000B007 /* HapoHubProvider.swift in Sources */ = {isa = PBXBuildFile; fileRef = DDDD000E000000000000F007 /* HapoHubProvider.swift */; };
		DDDD000F0000000000B008 /* MockHapoHubProvider.swift in Sources */ = {isa = PBXBuildFile; fileRef = DDDD0010000000000000F008 /* MockHapoHubProvider.swift */; };
		DDDD00110000000000B009 /* HapoHubFactory.swift in Sources */ = {isa = PBXBuildFile; fileRef = DDDD0012000000000000F009 /* HapoHubFactory.swift */; };
		DDDD00130000000000B00A /* PopoverView.swift in Sources */ = {isa = PBXBuildFile; fileRef = DDDD0014000000000000F00A /* PopoverView.swift */; };
		DDDD00150000000000B00B /* MenuBarIcon.swift in Sources */ = {isa = PBXBuildFile; fileRef = DDDD0016000000000000F00B /* MenuBarIcon.swift */; };
		DDDD001B0000000000B00E /* QuotaPanel.swift in Sources */ = {isa = PBXBuildFile; fileRef = DDDD001C000000000000F00E /* QuotaPanel.swift */; };
		DDDD001D0000000000B00F /* ConfigPanel.swift in Sources */ = {isa = PBXBuildFile; fileRef = DDDD001E000000000000F00F /* ConfigPanel.swift */; };
		SET0001000000000000B001 /* SettingsStore.swift in Sources */ = {isa = PBXBuildFile; fileRef = SET0002000000000000F001 /* SettingsStore.swift */; };
		L10N0001000000000000B001 /* AppLocalizer.swift in Sources */ = {isa = PBXBuildFile; fileRef = L10N0002000000000000F001 /* AppLocalizer.swift */; };
		FR0001000000000000B001 /* BirdNionConfigStore.swift in Sources */ = {isa = PBXBuildFile; fileRef = FR0002000000000000F001 /* BirdNionConfigStore.swift */; };

		SET0005000000000000B003 /* SettingsTab.swift in Sources */ = {isa = PBXBuildFile; fileRef = SET0006000000000000F003 /* SettingsTab.swift */; };
		SET0007000000000000B004 /* SettingsTabBar.swift in Sources */ = {isa = PBXBuildFile; fileRef = SET0008000000000000F004 /* SettingsTabBar.swift */; };
		SET0009000000000000B005 /* SettingsSceneRoot.swift in Sources */ = {isa = PBXBuildFile; fileRef = SET000A000000000000F005 /* SettingsSceneRoot.swift */; };
		SET000B0000000000B006 /* GeneralPane.swift in Sources */ = {isa = PBXBuildFile; fileRef = SET000C0000000000F006 /* GeneralPane.swift */; };
		SET000D0000000000B007 /* ProvidersPane.swift in Sources */ = {isa = PBXBuildFile; fileRef = SET000E0000000000F007 /* ProvidersPane.swift */; };
		SET000F0000000000B008 /* DisplayPane.swift in Sources */ = {isa = PBXBuildFile; fileRef = SET00100000000000F008 /* DisplayPane.swift */; };
		SET00110000000000B009 /* AdvancedPane.swift in Sources */ = {isa = PBXBuildFile; fileRef = SET00120000000000F009 /* AdvancedPane.swift */; };
		SET00130000000000B00A /* AboutPane.swift in Sources */ = {isa = PBXBuildFile; fileRef = SET00140000000000F00A /* AboutPane.swift */; };
		SET00150000000000B00B /* AboutLinkRow.swift in Sources */ = {isa = PBXBuildFile; fileRef = SET00160000000000F00B /* AboutLinkRow.swift */; };
		SET00170000000000B00C /* DebugPane.swift in Sources */ = {isa = PBXBuildFile; fileRef = SET00180000000000F00C /* DebugPane.swift */; };
		C0DE0001000000000000B001 /* CodexAuth.swift in Sources */ = {isa = PBXBuildFile; fileRef = C0DE0002000000000000F001 /* CodexAuth.swift */; };
		C0DE0003000000000000B002 /* CodexUsageAPI.swift in Sources */ = {isa = PBXBuildFile; fileRef = C0DE0004000000000000F002 /* CodexUsageAPI.swift */; };
		C0DE00C0000000000000B0C0 /* CodexCostScanner.swift in Sources */ = {isa = PBXBuildFile; fileRef = C0DE00C1000000000000F0C1 /* CodexCostScanner.swift */; };
		C0DE00C2000000000000B0C2 /* CodexAccountStore.swift in Sources */ = {isa = PBXBuildFile; fileRef = C0DE00C3000000000000F0C3 /* CodexAccountStore.swift */; };
		C0DE00C6000000000000B0C6 /* TextParsing.swift in Sources */ = {isa = PBXBuildFile; fileRef = C0DE00C7000000000000F0C7 /* TextParsing.swift */; };
		C0DE00C8000000000000B0C8 /* CodexStatusProbe.swift in Sources */ = {isa = PBXBuildFile; fileRef = C0DE00C9000000000000F0C9 /* CodexStatusProbe.swift */; };
		C0DE00CA000000000000B0CA /* CodexResetCreditsAPI.swift in Sources */ = {isa = PBXBuildFile; fileRef = C0DE00CB000000000000F0CB /* CodexResetCreditsAPI.swift */; };
		C0DE00CC000000000000B0CC /* CodexAppServerRPC.swift in Sources */ = {isa = PBXBuildFile; fileRef = C0DE00CD000000000000F0CD /* CodexAppServerRPC.swift */; };
		C0DE00CE000000000000B0CE /* CodexCLILaunchGate.swift in Sources */ = {isa = PBXBuildFile; fileRef = C0DE00CF000000000000F0CF /* CodexCLILaunchGate.swift */; };
		C0DE00D0000000000000B0D0 /* CodexSystemAccountObserver.swift in Sources */ = {isa = PBXBuildFile; fileRef = C0DE00D1000000000000F0D1 /* CodexSystemAccountObserver.swift */; };
		C0DE00D2000000000000B0D2 /* CodexAccountSnapshotStore.swift in Sources */ = {isa = PBXBuildFile; fileRef = C0DE00D3000000000000F0D3 /* CodexAccountSnapshotStore.swift */; };
		C0DE00D4000000000000B0D4 /* CodexWebDashboard.swift in Sources */ = {isa = PBXBuildFile; fileRef = C0DE00D5000000000000F0D5 /* CodexWebDashboard.swift */; };
		C0DE0005000000000000B003 /* CodexProvider.swift in Sources */ = {isa = PBXBuildFile; fileRef = C0DE0006000000000000F003 /* CodexProvider.swift */; };
		CPFL0001000000000000B001 /* CodexPlanFormatting.swift in Sources */ = {isa = PBXBuildFile; fileRef = CPFL0002000000000000F001 /* CodexPlanFormatting.swift */; };
		CPFL0003000000000000B002 /* CodexRateWindowNormalizer.swift in Sources */ = {isa = PBXBuildFile; fileRef = CPFL0004000000000000F002 /* CodexRateWindowNormalizer.swift */; };
		C0DE0007000000000000B004 /* CodexProviderTests.swift in Sources */ = {isa = PBXBuildFile; fileRef = C0DE0008000000000000F004 /* CodexProviderTests.swift */; };
		CCST0001000000000000B001 /* CodexCostScannerTests.swift in Sources */ = {isa = PBXBuildFile; fileRef = CCST0002000000000000F001 /* CodexCostScannerTests.swift */; };
		CWDT0001000000000000B001 /* CodexWebDashboardTests.swift in Sources */ = {isa = PBXBuildFile; fileRef = CWDT0002000000000000F001 /* CodexWebDashboardTests.swift */; };
		CLNT0001000000000000B001 /* ClaudeNativeTests.swift in Sources */ = {isa = PBXBuildFile; fileRef = CLNT0002000000000000F001 /* ClaudeNativeTests.swift */; };
		NPT00001000000000000B01 /* NewProviderTests.swift in Sources */ = {isa = PBXBuildFile; fileRef = NPT00002000000000000F01 /* NewProviderTests.swift */; };

		EEEE0004000000000000B001 /* Assets.xcassets in Resources */ = {isa = PBXBuildFile; fileRef = EEEE0003000000000000F001 /* Assets.xcassets */; };
		FFFF0001000000000000B001 /* AppDelegate.swift in Sources */ = {isa = PBXBuildFile; fileRef = FFFF0002000000000000F001 /* AppDelegate.swift */; };
		FFFF0003000000000000B002 /* ServicesContainer.swift in Sources */ = {isa = PBXBuildFile; fileRef = FFFF0004000000000000F002 /* ServicesContainer.swift */; };
		PCST0001000000000000B001 /* ProviderCostSnapshot.swift in Sources */ = {isa = PBXBuildFile; fileRef = PCST0002000000000000F001 /* ProviderCostSnapshot.swift */; };
/* End PBXBuildFile section */

/* Begin PBXContainerItemProxy section */
		CCCC0011000000000000PXY1 /* PBXContainerItemProxy */ = {
			isa = PBXContainerItemProxy;
			containerPortal = AAAA0010000000000000P001 /* Project object */;
			proxyType = 1;
			remoteGlobalIDString = AAAA000E000000000000T001;
			remoteInfo = BirdNion;
		};
/* End PBXContainerItemProxy section */

/* Begin PBXFileReference section */
		AAAA0003000000000000F002 /* BirdNion.app */ = {isa = PBXFileReference; explicitFileType = wrapper.application; includeInIndex = 0; path = BirdNion.app; sourceTree = BUILT_PRODUCTS_DIR; };
		AAAA0002000000000000F001 /* BirdNionApp.swift */ = {isa = PBXFileReference; lastKnownFileType = sourcecode.swift; path = BirdNionApp.swift; sourceTree = "<group>"; };
		AAAA0004000000000000F003 /* Info.plist */ = {isa = PBXFileReference; lastKnownFileType = text.plist.xml; path = Info.plist; sourceTree = "<group>"; };
		BBBB0002000000000000F001 /* ProviderStatus.swift */ = {isa = PBXFileReference; lastKnownFileType = sourcecode.swift; path = ProviderStatus.swift; sourceTree = "<group>"; };
		PCST0002000000000000F001 /* ProviderCostSnapshot.swift */ = {isa = PBXFileReference; lastKnownFileType = sourcecode.swift; path = BirdNion/Models/ProviderCostSnapshot.swift; sourceTree = "<group>"; };
		CLM00002000000000000F01 /* ClaudeUsageModels.swift */ = {isa = PBXFileReference; lastKnownFileType = sourcecode.swift; path = BirdNion/Providers/Claude/Core/ClaudeUsageModels.swift; sourceTree = "<group>"; };
		CLP00002000000000000F01 /* ClaudeSourcePlanner.swift */ = {isa = PBXFileReference; lastKnownFileType = sourcecode.swift; path = BirdNion/Providers/Claude/Core/ClaudeSourcePlanner.swift; sourceTree = "<group>"; };
		CLU00002000000000000F01 /* ClaudeUsageOrchestrator.swift */ = {isa = PBXFileReference; lastKnownFileType = sourcecode.swift; path = BirdNion/Providers/Claude/Core/ClaudeUsageOrchestrator.swift; sourceTree = "<group>"; };
		CLO00002000000000000F01 /* ClaudeOAuth.swift */ = {isa = PBXFileReference; lastKnownFileType = sourcecode.swift; path = BirdNion/Providers/Claude/OAuth/ClaudeOAuth.swift; sourceTree = "<group>"; };
		CLA00002000000000000F01 /* ClaudeAdminAPIUsage.swift */ = {isa = PBXFileReference; lastKnownFileType = sourcecode.swift; path = BirdNion/Providers/Claude/Admin/ClaudeAdminAPIUsage.swift; sourceTree = "<group>"; };
		CLT00002000000000000F01 /* ClaudeTokenAccounts.swift */ = {isa = PBXFileReference; lastKnownFileType = sourcecode.swift; path = BirdNion/Providers/Claude/Accounts/ClaudeTokenAccounts.swift; sourceTree = "<group>"; };
		CLC00002000000000000F01 /* ClaudeCLISession.swift */ = {isa = PBXFileReference; lastKnownFileType = sourcecode.swift; path = BirdNion/Providers/Claude/CLI/ClaudeCLISession.swift; sourceTree = "<group>"; };
		CLG00002000000000000F01 /* ClaudeCLIRateLimitGate.swift */ = {isa = PBXFileReference; lastKnownFileType = sourcecode.swift; path = BirdNion/Providers/Claude/CLI/ClaudeCLIRateLimitGate.swift; sourceTree = "<group>"; };
		CLW00002000000000000F01 /* ClaudeWebCookieReader.swift */ = {isa = PBXFileReference; lastKnownFileType = sourcecode.swift; path = BirdNion/Providers/Claude/Web/ClaudeWebCookieReader.swift; sourceTree = "<group>"; };
		CWF00002000000000000F01 /* ClaudeWebAPIFetcher.swift */ = {isa = PBXFileReference; lastKnownFileType = sourcecode.swift; path = BirdNion/Providers/Claude/Web/ClaudeWebAPIFetcher.swift; sourceTree = "<group>"; };
		BBBB0004000000000000F002 /* QuotaProvider.swift */ = {isa = PBXFileReference; lastKnownFileType = sourcecode.swift; path = QuotaProvider.swift; sourceTree = "<group>"; };
		CCCC0002000000000000F001 /* ProviderStatusTests.swift */ = {isa = PBXFileReference; lastKnownFileType = sourcecode.swift; path = BirdNionTests/ProviderStatusTests.swift; sourceTree = "<group>"; };
		CCCC0006000000000000F003 /* MiniMaxProviderParserTests.swift */ = {isa = PBXFileReference; lastKnownFileType = sourcecode.swift; path = BirdNionTests/MiniMaxProviderParserTests.swift; sourceTree = "<group>"; };
		CCCC0008000000000000F004 /* HapoHubProviderTests.swift */ = {isa = PBXFileReference; lastKnownFileType = sourcecode.swift; path = BirdNionTests/HapoHubProviderTests.swift; sourceTree = "<group>"; };
		CCCC000A000000000000F005 /* QuotaServicePollingTests.swift */ = {isa = PBXFileReference; lastKnownFileType = sourcecode.swift; path = BirdNionTests/QuotaServicePollingTests.swift; sourceTree = "<group>"; };
		CCCC000E000000000000F007 /* StubURLProtocol.swift */ = {isa = PBXFileReference; lastKnownFileType = sourcecode.swift; path = BirdNionTests/StubURLProtocol.swift; sourceTree = "<group>"; };
		C0DE0008000000000000F004 /* CodexProviderTests.swift */ = {isa = PBXFileReference; lastKnownFileType = sourcecode.swift; path = BirdNionTests/CodexProviderTests.swift; sourceTree = "<group>"; };
		CCST0002000000000000F001 /* CodexCostScannerTests.swift */ = {isa = PBXFileReference; lastKnownFileType = sourcecode.swift; path = BirdNionTests/CodexCostScannerTests.swift; sourceTree = "<group>"; };
		CWDT0002000000000000F001 /* CodexWebDashboardTests.swift */ = {isa = PBXFileReference; lastKnownFileType = sourcecode.swift; path = BirdNionTests/CodexWebDashboardTests.swift; sourceTree = "<group>"; };
		CLNT0002000000000000F001 /* ClaudeNativeTests.swift */ = {isa = PBXFileReference; lastKnownFileType = sourcecode.swift; path = BirdNionTests/ClaudeNativeTests.swift; sourceTree = "<group>"; };
		NPT00002000000000000F01 /* NewProviderTests.swift */ = {isa = PBXFileReference; lastKnownFileType = sourcecode.swift; path = BirdNionTests/NewProviderTests.swift; sourceTree = "<group>"; };
		CCCC0010000000000000F008 /* BirdNionTests.xctest */ = {isa = PBXFileReference; explicitFileType = wrapper.cfbundle; includeInIndex = 0; path = BirdNionTests.xctest; sourceTree = BUILT_PRODUCTS_DIR; };
		DDDD0004000000000000F002 /* ConfigService.swift */ = {isa = PBXFileReference; lastKnownFileType = sourcecode.swift; path = BirdNion/Services/ConfigService.swift; sourceTree = "<group>"; };
		DDDD0006000000000000F003 /* QuotaService.swift */ = {isa = PBXFileReference; lastKnownFileType = sourcecode.swift; path = BirdNion/Services/QuotaService.swift; sourceTree = "<group>"; };
		DDDD000A000000000000F005 /* MiniMaxProvider.swift */ = {isa = PBXFileReference; lastKnownFileType = sourcecode.swift; path = BirdNion/Providers/MiniMaxProvider.swift; sourceTree = "<group>"; };
		DDDD00F1000000000000F0E0 /* OpenRouterProvider.swift */ = {isa = PBXFileReference; lastKnownFileType = sourcecode.swift; path = BirdNion/Providers/OpenRouterProvider.swift; sourceTree = "<group>"; };
		DDDD00F2000000000000F0E0 /* DeepSeekProvider.swift */ = {isa = PBXFileReference; lastKnownFileType = sourcecode.swift; path = BirdNion/Providers/DeepSeekProvider.swift; sourceTree = "<group>"; };
		DDDD00F3000000000000F0E0 /* ZaiProvider.swift */ = {isa = PBXFileReference; lastKnownFileType = sourcecode.swift; path = BirdNion/Providers/ZaiProvider.swift; sourceTree = "<group>"; };
		DDDD00F4000000000000F0E0 /* ClaudeProvider.swift */ = {isa = PBXFileReference; lastKnownFileType = sourcecode.swift; path = BirdNion/Providers/ClaudeProvider.swift; sourceTree = "<group>"; };
		ELP00002000000000000F01 /* ElevenLabsProvider.swift */ = {isa = PBXFileReference; lastKnownFileType = sourcecode.swift; path = BirdNion/Providers/ElevenLabsProvider.swift; sourceTree = "<group>"; };
		DGP00002000000000000F01 /* DeepgramProvider.swift */ = {isa = PBXFileReference; lastKnownFileType = sourcecode.swift; path = BirdNion/Providers/DeepgramProvider.swift; sourceTree = "<group>"; };
		GRP00002000000000000F01 /* GroqProvider.swift */ = {isa = PBXFileReference; lastKnownFileType = sourcecode.swift; path = BirdNion/Providers/GroqProvider.swift; sourceTree = "<group>"; };
		CPL00002000000000000F01 /* CopilotProvider.swift */ = {isa = PBXFileReference; lastKnownFileType = sourcecode.swift; path = BirdNion/Providers/CopilotProvider.swift; sourceTree = "<group>"; };
		CPL00004000000000000F01 /* CopilotOAuth.swift */ = {isa = PBXFileReference; lastKnownFileType = sourcecode.swift; path = BirdNion/Providers/Copilot/CopilotOAuth.swift; sourceTree = "<group>"; };
		KIL00002000000000000F01 /* KiloProvider.swift */ = {isa = PBXFileReference; lastKnownFileType = sourcecode.swift; path = BirdNion/Providers/KiloProvider.swift; sourceTree = "<group>"; };
		KIL00004000000000000F01 /* KiloUsageSource.swift */ = {isa = PBXFileReference; lastKnownFileType = sourcecode.swift; path = BirdNion/Providers/Kilo/KiloUsageSource.swift; sourceTree = "<group>"; };
		KIL00006000000000000F01 /* KiloOrganization.swift */ = {isa = PBXFileReference; lastKnownFileType = sourcecode.swift; path = BirdNion/Providers/Kilo/KiloOrganization.swift; sourceTree = "<group>"; };
		PCR00002000000000000F01 /* ProviderCookieReader.swift */ = {isa = PBXFileReference; lastKnownFileType = sourcecode.swift; path = BirdNion/Providers/Shared/ProviderCookieReader.swift; sourceTree = "<group>"; };
		CMC00002000000000000F01 /* CommandCodeProvider.swift */ = {isa = PBXFileReference; lastKnownFileType = sourcecode.swift; path = BirdNion/Providers/CommandCodeProvider.swift; sourceTree = "<group>"; };
		FRM00002000000000000F01 /* FreemodelProvider.swift */ = {isa = PBXFileReference; lastKnownFileType = sourcecode.swift; path = BirdNion/Providers/FreemodelProvider.swift; sourceTree = "<group>"; };
		MIM00002000000000000F01 /* MiMoProvider.swift */ = {isa = PBXFileReference; lastKnownFileType = sourcecode.swift; path = BirdNion/Providers/MiMoProvider.swift; sourceTree = "<group>"; };
		CUR00002000000000000F01 /* CursorProvider.swift */ = {isa = PBXFileReference; lastKnownFileType = sourcecode.swift; path = BirdNion/Providers/CursorProvider.swift; sourceTree = "<group>"; };
		ALB00002000000000000F01 /* AlibabaProvider.swift */ = {isa = PBXFileReference; lastKnownFileType = sourcecode.swift; path = BirdNion/Providers/AlibabaProvider.swift; sourceTree = "<group>"; };
		OPC00002000000000000F01 /* OpenCodeProvider.swift */ = {isa = PBXFileReference; lastKnownFileType = sourcecode.swift; path = BirdNion/Providers/OpenCodeProvider.swift; sourceTree = "<group>"; };
		OCG00002000000000000F01 /* OpenCodeGoProvider.swift */ = {isa = PBXFileReference; lastKnownFileType = sourcecode.swift; path = BirdNion/Providers/OpenCodeGoProvider.swift; sourceTree = "<group>"; };
		GEM00002000000000000F01 /* GeminiProvider.swift */ = {isa = PBXFileReference; lastKnownFileType = sourcecode.swift; path = BirdNion/Providers/GeminiProvider.swift; sourceTree = "<group>"; };
		KRO00002000000000000F01 /* KiroProvider.swift */ = {isa = PBXFileReference; lastKnownFileType = sourcecode.swift; path = BirdNion/Providers/KiroProvider.swift; sourceTree = "<group>"; };
		ANT00002000000000000F01 /* AntigravityProvider.swift */ = {isa = PBXFileReference; lastKnownFileType = sourcecode.swift; path = BirdNion/Providers/AntigravityProvider.swift; sourceTree = "<group>"; };
		ANT00004000000000000F01 /* AntigravityOAuth.swift */ = {isa = PBXFileReference; lastKnownFileType = sourcecode.swift; path = BirdNion/Providers/Antigravity/AntigravityOAuth.swift; sourceTree = "<group>"; };
		BED00002000000000000F01 /* BedrockProvider.swift */ = {isa = PBXFileReference; lastKnownFileType = sourcecode.swift; path = BirdNion/Providers/BedrockProvider.swift; sourceTree = "<group>"; };
		PVD0002000000000000F002 /* ClaudeCLIVersionDetector.swift */ = {isa = PBXFileReference; lastKnownFileType = sourcecode.swift; path = BirdNion/Providers/ClaudeCLIVersionDetector.swift; sourceTree = "<group>"; };
		CC0001000000000000F001 /* ClaudeCostScanner.swift */ = {isa = PBXFileReference; lastKnownFileType = sourcecode.swift; path = BirdNion/Providers/Claude/ClaudeCostScanner.swift; sourceTree = "<group>"; };
		MV0002000000000000F001 /* MenuBarVisibility.swift */ = {isa = PBXFileReference; lastKnownFileType = sourcecode.swift; path = BirdNion/Views/MenuBarVisibility.swift; sourceTree = "<group>"; };
		DDDD000C000000000000F006 /* HapoHubConfig.swift */ = {isa = PBXFileReference; lastKnownFileType = sourcecode.swift; path = BirdNion/Providers/HapoHubConfig.swift; sourceTree = "<group>"; };
		DDDD000E000000000000F007 /* HapoHubProvider.swift */ = {isa = PBXFileReference; lastKnownFileType = sourcecode.swift; path = BirdNion/Providers/HapoHubProvider.swift; sourceTree = "<group>"; };
		DDDD0010000000000000F008 /* MockHapoHubProvider.swift */ = {isa = PBXFileReference; lastKnownFileType = sourcecode.swift; path = BirdNion/Providers/MockHapoHubProvider.swift; sourceTree = "<group>"; };
		DDDD0012000000000000F009 /* HapoHubFactory.swift */ = {isa = PBXFileReference; lastKnownFileType = sourcecode.swift; path = BirdNion/Providers/HapoHubFactory.swift; sourceTree = "<group>"; };
		DDDD0014000000000000F00A /* PopoverView.swift */ = {isa = PBXFileReference; lastKnownFileType = sourcecode.swift; path = BirdNion/Views/PopoverView.swift; sourceTree = "<group>"; };
		DDDD0016000000000000F00B /* MenuBarIcon.swift */ = {isa = PBXFileReference; lastKnownFileType = sourcecode.swift; path = BirdNion/Views/MenuBarIcon.swift; sourceTree = "<group>"; };
		DDDD001C000000000000F00E /* QuotaPanel.swift */ = {isa = PBXFileReference; lastKnownFileType = sourcecode.swift; path = BirdNion/Views/QuotaPanel.swift; sourceTree = "<group>"; };
		DDDD001E000000000000F00F /* ConfigPanel.swift */ = {isa = PBXFileReference; lastKnownFileType = sourcecode.swift; path = BirdNion/Views/ConfigPanel.swift; sourceTree = "<group>"; };
		SET0002000000000000F001 /* SettingsStore.swift */ = {isa = PBXFileReference; lastKnownFileType = sourcecode.swift; path = BirdNion/Services/SettingsStore.swift; sourceTree = "<group>"; };
		L10N0002000000000000F001 /* AppLocalizer.swift */ = {isa = PBXFileReference; lastKnownFileType = sourcecode.swift; path = AppLocalizer.swift; sourceTree = "<group>"; };
		FR0002000000000000F001 /* BirdNionConfigStore.swift */ = {isa = PBXFileReference; lastKnownFileType = sourcecode.swift; path = BirdNion/Services/BirdNionConfigStore.swift; sourceTree = "<group>"; };

		SET0006000000000000F003 /* SettingsTab.swift */ = {isa = PBXFileReference; lastKnownFileType = sourcecode.swift; path = BirdNion/Views/Settings/SettingsTab.swift; sourceTree = "<group>"; };
		SET0008000000000000F004 /* SettingsTabBar.swift */ = {isa = PBXFileReference; lastKnownFileType = sourcecode.swift; path = BirdNion/Views/Settings/SettingsTabBar.swift; sourceTree = "<group>"; };
		SET000A000000000000F005 /* SettingsSceneRoot.swift */ = {isa = PBXFileReference; lastKnownFileType = sourcecode.swift; path = BirdNion/Views/Settings/SettingsSceneRoot.swift; sourceTree = "<group>"; };
		SET000C0000000000F006 /* GeneralPane.swift */ = {isa = PBXFileReference; lastKnownFileType = sourcecode.swift; path = BirdNion/Views/Settings/GeneralPane.swift; sourceTree = "<group>"; };
		SET000E0000000000F007 /* ProvidersPane.swift */ = {isa = PBXFileReference; lastKnownFileType = sourcecode.swift; path = BirdNion/Views/Settings/ProvidersPane.swift; sourceTree = "<group>"; };
		SET00100000000000F008 /* DisplayPane.swift */ = {isa = PBXFileReference; lastKnownFileType = sourcecode.swift; path = BirdNion/Views/Settings/DisplayPane.swift; sourceTree = "<group>"; };
		SET00120000000000F009 /* AdvancedPane.swift */ = {isa = PBXFileReference; lastKnownFileType = sourcecode.swift; path = BirdNion/Views/Settings/AdvancedPane.swift; sourceTree = "<group>"; };
		SET00140000000000F00A /* AboutPane.swift */ = {isa = PBXFileReference; lastKnownFileType = sourcecode.swift; path = BirdNion/Views/Settings/AboutPane.swift; sourceTree = "<group>"; };
		SET00160000000000F00B /* AboutLinkRow.swift */ = {isa = PBXFileReference; lastKnownFileType = sourcecode.swift; path = BirdNion/Views/Settings/AboutLinkRow.swift; sourceTree = "<group>"; };
		SET00180000000000F00C /* DebugPane.swift */ = {isa = PBXFileReference; lastKnownFileType = sourcecode.swift; path = BirdNion/Views/Settings/DebugPane.swift; sourceTree = "<group>"; };
		C0DE0002000000000000F001 /* CodexAuth.swift */ = {isa = PBXFileReference; lastKnownFileType = sourcecode.swift; path = BirdNion/Providers/Codex/CodexAuth.swift; sourceTree = "<group>"; };
		C0DE0004000000000000F002 /* CodexUsageAPI.swift */ = {isa = PBXFileReference; lastKnownFileType = sourcecode.swift; path = BirdNion/Providers/Codex/CodexUsageAPI.swift; sourceTree = "<group>"; };
		C0DE00C1000000000000F0C1 /* CodexCostScanner.swift */ = {isa = PBXFileReference; lastKnownFileType = sourcecode.swift; path = BirdNion/Providers/Codex/CodexCostScanner.swift; sourceTree = "<group>"; };
		C0DE00C3000000000000F0C3 /* CodexAccountStore.swift */ = {isa = PBXFileReference; lastKnownFileType = sourcecode.swift; path = BirdNion/Providers/Codex/CodexAccountStore.swift; sourceTree = "<group>"; };
		C0DE00C7000000000000F0C7 /* TextParsing.swift */ = {isa = PBXFileReference; lastKnownFileType = sourcecode.swift; path = BirdNion/Providers/Codex/TextParsing.swift; sourceTree = "<group>"; };
		C0DE00C9000000000000F0C9 /* CodexStatusProbe.swift */ = {isa = PBXFileReference; lastKnownFileType = sourcecode.swift; path = BirdNion/Providers/Codex/CodexStatusProbe.swift; sourceTree = "<group>"; };
		C0DE00CB000000000000F0CB /* CodexResetCreditsAPI.swift */ = {isa = PBXFileReference; lastKnownFileType = sourcecode.swift; path = BirdNion/Providers/Codex/CodexResetCreditsAPI.swift; sourceTree = "<group>"; };
		C0DE00CD000000000000F0CD /* CodexAppServerRPC.swift */ = {isa = PBXFileReference; lastKnownFileType = sourcecode.swift; path = BirdNion/Providers/Codex/CodexAppServerRPC.swift; sourceTree = "<group>"; };
		C0DE00CF000000000000F0CF /* CodexCLILaunchGate.swift */ = {isa = PBXFileReference; lastKnownFileType = sourcecode.swift; path = BirdNion/Providers/Codex/CodexCLILaunchGate.swift; sourceTree = "<group>"; };
		C0DE00D1000000000000F0D1 /* CodexSystemAccountObserver.swift */ = {isa = PBXFileReference; lastKnownFileType = sourcecode.swift; path = BirdNion/Providers/Codex/CodexSystemAccountObserver.swift; sourceTree = "<group>"; };
		C0DE00D3000000000000F0D3 /* CodexAccountSnapshotStore.swift */ = {isa = PBXFileReference; lastKnownFileType = sourcecode.swift; path = BirdNion/Providers/Codex/CodexAccountSnapshotStore.swift; sourceTree = "<group>"; };
		C0DE00D5000000000000F0D5 /* CodexWebDashboard.swift */ = {isa = PBXFileReference; lastKnownFileType = sourcecode.swift; path = BirdNion/Providers/Codex/CodexWebDashboard.swift; sourceTree = "<group>"; };
		C0DE0006000000000000F003 /* CodexProvider.swift */ = {isa = PBXFileReference; lastKnownFileType = sourcecode.swift; path = BirdNion/Providers/Codex/CodexProvider.swift; sourceTree = "<group>"; };
		CPFL0002000000000000F001 /* CodexPlanFormatting.swift */ = {isa = PBXFileReference; lastKnownFileType = sourcecode.swift; path = BirdNion/Providers/Codex/CodexPlanFormatting.swift; sourceTree = "<group>"; };
		CPFL0004000000000000F002 /* CodexRateWindowNormalizer.swift */ = {isa = PBXFileReference; lastKnownFileType = sourcecode.swift; path = BirdNion/Providers/Codex/CodexRateWindowNormalizer.swift; sourceTree = "<group>"; };

		EEEE0003000000000000F001 /* Assets.xcassets */ = {isa = PBXFileReference; lastKnownFileType = folder.assetcatalog; path = Assets.xcassets; sourceTree = "<group>"; };

		FFFF0002000000000000F001 /* AppDelegate.swift */ = {isa = PBXFileReference; lastKnownFileType = sourcecode.swift; path = AppDelegate.swift; sourceTree = "<group>"; };

		FFFF0004000000000000F002 /* ServicesContainer.swift */ = {isa = PBXFileReference; lastKnownFileType = sourcecode.swift; path = ServicesContainer.swift; sourceTree = "<group>"; };
/* End PBXFileReference section */

/* Begin PBXFrameworksBuildPhase section */
		AAAA0005000000000000B002 /* Frameworks */ = {
			isa = PBXFrameworksBuildPhase;
			buildActionMask = 2147483647;
			files = (
			LSP0003000000000000BF001 /* CodexBarCore in Frameworks */,
			SCK00003000000000000BF02 /* SweetCookieKit in Frameworks */,
			);
			runOnlyForDeploymentPostprocessing = 0;
		};
/* End PBXFrameworksBuildPhase section */

/* Begin PBXFrameworksBuildPhase section */
		CCCC0012000000000000BF01 /* Frameworks */ = {
			isa = PBXFrameworksBuildPhase;
			buildActionMask = 2147483647;
			files = (
				CCCC000F000000000000B008 /* BirdNionTests.xctest in Frameworks */,
			);
			runOnlyForDeploymentPostprocessing = 0;
		};
/* End PBXFrameworksBuildPhase section */

/* Begin PBXSourcesBuildPhase section */
		CCCC0014000000000000BS01 /* Sources */ = {
			isa = PBXSourcesBuildPhase;
			buildActionMask = 2147483647;
			files = (
				CCCC0001000000000000B001 /* ProviderStatusTests.swift in Sources */,
				CCCC0005000000000000B003 /* MiniMaxProviderParserTests.swift in Sources */,
				CCCC0007000000000000B004 /* HapoHubProviderTests.swift in Sources */,
				CCCC0009000000000000B005 /* QuotaServicePollingTests.swift in Sources */,
				CCCC000D000000000000B007 /* StubURLProtocol.swift in Sources */,
				C0DE0007000000000000B004 /* CodexProviderTests.swift in Sources */,
				CCST0001000000000000B001 /* CodexCostScannerTests.swift in Sources */,
				CWDT0001000000000000B001 /* CodexWebDashboardTests.swift in Sources */,
				CLNT0001000000000000B001 /* ClaudeNativeTests.swift in Sources */,
				NPT00001000000000000B01 /* NewProviderTests.swift in Sources */,
			);
			runOnlyForDeploymentPostprocessing = 0;
		};
/* End PBXSourcesBuildPhase section */


/* Begin PBXResourcesBuildPhase section */
		EEEE0005000000000000BR01 /* Resources */ = {
		isa = PBXResourcesBuildPhase;
		buildActionMask = 2147483647;
		files = (
			EEEE0004000000000000B001 /* Assets.xcassets in Resources */,
		);
		runOnlyForDeploymentPostprocessing = 0;
	};
/* End PBXResourcesBuildPhase section */

/* Begin PBXGroup section */
		AAAA0006000000000000G001 /* Root */ = {
			isa = PBXGroup;
			children = (
				AAAA0007000000000000G002 /* BirdNion */,
				B0C82601EFFB44D98456A87DF3DD369B /* BirdNionTests */,
				AAAA0008000000000000G003 /* Products */,
			);
			sourceTree = "<group>";
		};
		AAAA0007000000000000G002 /* BirdNion */ = {
			isa = PBXGroup;
			children = (
				AAAA0002000000000000F001 /* BirdNionApp.swift */,
			FFFF0002000000000000F001 /* AppDelegate.swift */,
				AAAA0004000000000000F003 /* Info.plist */,
				AAAA0009000000000000G004 /* Views */,
				AAAA000A000000000000G005 /* Services */,
				AAAA000B000000000000G006 /* Models */,
				AAAA000C000000000000G007 /* Providers */,
				AAAA000D000000000000G008 /* Resources */,
			);
			path = BirdNion;
			sourceTree = "<group>";
		};
		AAAA0008000000000000G003 /* Products */ = {
			isa = PBXGroup;
			children = (
				AAAA0003000000000000F002 /* BirdNion.app */,
				CCCC0010000000000000F008 /* BirdNionTests.xctest */,
			);
			name = Products;
			sourceTree = "<group>";
		};
		AAAA0009000000000000G004 /* Views */ = {
			isa = PBXGroup;
			children = (
			);
			path = Views;
			sourceTree = "<group>";
		};
		AAAA000A000000000000G005 /* Services */ = {
			isa = PBXGroup;
			children = (
				FFFF0004000000000000F002 /* ServicesContainer.swift */,
				L10N0002000000000000F001 /* AppLocalizer.swift */,
			);
			path = Services;
			sourceTree = "<group>";
		};
		AAAA000B000000000000G006 /* Models */ = {
			isa = PBXGroup;
			children = (
				BBBB0002000000000000F001 /* ProviderStatus.swift */,
			);
			path = Models;
			sourceTree = "<group>";
		};
		AAAA000C000000000000G007 /* Providers */ = {
			isa = PBXGroup;
			children = (
				BBBB0004000000000000F002 /* QuotaProvider.swift */,
			);
			path = Providers;
			sourceTree = "<group>";
		};
		AAAA000D000000000000G008 /* Resources */ = {
			isa = PBXGroup;
			children = (
			);
			path = Resources;
			sourceTree = "<group>";
		};
/* End PBXGroup section */

/* Begin PBXNativeTarget section */
		AAAA000E000000000000T001 /* BirdNion */ = {
			isa = PBXNativeTarget;
			buildConfigurationList = AAAA0015000000000000CL002 /* Build configuration list for PBXNativeTarget "BirdNion" */;
			buildPhases = (
				AAAA0005000000000000B002 /* Frameworks */,
				EEEE0005000000000000BR01 /* Resources */,
				AAAA000F000000000000B003 /* Sources */,
			);
			buildRules = (
			);
			dependencies = (
			);
			name = BirdNion;
			packageProductDependencies = (
				LSP0002000000000000PD001 /* CodexBarCore */,
				SCK00002000000000000PD02 /* SweetCookieKit */,
			);
			productName = BirdNion;
			productReference = AAAA0003000000000000F002 /* BirdNion.app */;
			productType = "com.apple.product-type.application";
		};
/* End PBXNativeTarget section */

/* Begin PBXNativeTarget section */
		CCCC0013000000000000T002 /* BirdNionTests */ = {
			isa = PBXNativeTarget;
			buildConfigurationList = CCCC0018000000000000CL003 /* Build configuration list for PBXNativeTarget "BirdNionTests" */;
			buildPhases = (
				CCCC0012000000000000BF01 /* Frameworks */,
				CCCC0014000000000000BS01 /* Sources */,
			);
			buildRules = (
			);
			dependencies = (
				CCCC0015000000000000DT01 /* PBXTargetDependency */,
			);
			name = BirdNionTests;
			packageProductDependencies = (
				LSP0002000000000000PD001 /* CodexBarCore */,
			);
			productName = BirdNionTests;
			productReference = CCCC0010000000000000F008 /* BirdNionTests.xctest */;
			productType = "com.apple.product-type.bundle.unit-test";
		};
/* End PBXNativeTarget section */

/* Begin PBXProject section */
		AAAA0010000000000000P001 /* Project object */ = {
			isa = PBXProject;
			attributes = {
				BuildIndependentTargetsInParallel = 1;
				LastSwiftUpdateCheck = 1520;
				LastUpgradeCheck = 1520;
				TargetAttributes = {
					AAAA000E000000000000T001 = {
						CreatedOnToolsVersion = 15.2;
					};
				};
			};
			buildConfigurationList = AAAA0011000000000000CL001 /* Build configuration list for PBXProject "BirdNion" */;
			compatibilityVersion = "Xcode 14.0";
			developmentRegion = en;
			hasScannedForEncodings = 0;
			knownRegions = (
				en,
				Base,
			);
			mainGroup = AAAA0006000000000000G001;
			productRefGroup = AAAA0008000000000000G003 /* Products */;
			packageReferences = (
				LSP0001000000000000PR001 /* XCLocalSwiftPackageReference "../CodexBar" */,
				SCK00001000000000000PR02 /* XCRemoteSwiftPackageReference "SweetCookieKit" */,
			);
			projectDirPath = "";
			projectRoot = "";
			targets = (
				AAAA000E000000000000T001 /* BirdNion */,
				CCCC0013000000000000T002 /* BirdNionTests */,
			);
		};
/* End PBXProject section */

/* Begin PBXTargetDependency section */
		CCCC0015000000000000DT01 /* PBXTargetDependency */ = {
			isa = PBXTargetDependency;
			target = AAAA000E000000000000T001 /* BirdNion */;
			targetProxy = CCCC0011000000000000PXY1 /* PBXContainerItemProxy */;
		};
/* End PBXTargetDependency section */

/* Begin XCLocalSwiftPackageReference section */
		LSP0001000000000000PR001 /* XCLocalSwiftPackageReference "Vendor/CodexBar" */ = {
			isa = XCLocalSwiftPackageReference;
			relativePath = Vendor/CodexBar;
		};
/* End XCLocalSwiftPackageReference section */

/* Begin XCRemoteSwiftPackageReference section */
		SCK00001000000000000PR02 /* XCRemoteSwiftPackageReference "SweetCookieKit" */ = {
			isa = XCRemoteSwiftPackageReference;
			repositoryURL = "https://github.com/steipete/SweetCookieKit";
			requirement = {
				kind = upToNextMajorVersion;
				minimumVersion = 0.4.1;
			};
		};
/* End XCRemoteSwiftPackageReference section */

/* Begin XCSwiftPackageProductDependency section */
		LSP0002000000000000PD001 /* CodexBarCore */ = {
			isa = XCSwiftPackageProductDependency;
			productName = CodexBarCore;
		};
		SCK00002000000000000PD02 /* SweetCookieKit */ = {
			isa = XCSwiftPackageProductDependency;
			package = SCK00001000000000000PR02 /* XCRemoteSwiftPackageReference "SweetCookieKit" */;
			productName = SweetCookieKit;
		};
/* End XCSwiftPackageProductDependency section */



/* Begin PBXSourcesBuildPhase section */
		AAAA000F000000000000B003 /* Sources */ = {
			isa = PBXSourcesBuildPhase;
			buildActionMask = 2147483647;
			files = (
				AAAA0001000000000000B001 /* BirdNionApp.swift in Sources */,
				BBBB0001000000000000B001 /* ProviderStatus.swift in Sources */,
				PCST0001000000000000B001 /* ProviderCostSnapshot.swift in Sources */,
				CLM00001000000000000B01 /* ClaudeUsageModels.swift in Sources */,
				CLP00001000000000000B01 /* ClaudeSourcePlanner.swift in Sources */,
				CLU00001000000000000B01 /* ClaudeUsageOrchestrator.swift in Sources */,
				CLO00001000000000000B01 /* ClaudeOAuth.swift in Sources */,
				CLA00001000000000000B01 /* ClaudeAdminAPIUsage.swift in Sources */,
				CLT00001000000000000B01 /* ClaudeTokenAccounts.swift in Sources */,
				CLC00001000000000000B01 /* ClaudeCLISession.swift in Sources */,
				CLG00001000000000000B01 /* ClaudeCLIRateLimitGate.swift in Sources */,
				CLW00001000000000000B01 /* ClaudeWebCookieReader.swift in Sources */,
				CWF00001000000000000B01 /* ClaudeWebAPIFetcher.swift in Sources */,
				BBBB0003000000000000B002 /* QuotaProvider.swift in Sources */,
				DDDD0003000000000000B002 /* ConfigService.swift in Sources */,
				DDDD0005000000000000B003 /* QuotaService.swift in Sources */,
				DDDD0009000000000000B005 /* MiniMaxProvider.swift in Sources */,
				DDDD00E1000000000000B0E0 /* OpenRouterProvider.swift in Sources */,
				DDDD00E2000000000000B0E0 /* DeepSeekProvider.swift in Sources */,
				DDDD00E3000000000000B0E0 /* ZaiProvider.swift in Sources */,
				DDDD00E4000000000000B0E0 /* ClaudeProvider.swift in Sources */,
				ELP00001000000000000B01 /* ElevenLabsProvider.swift in Sources */,
				DGP00001000000000000B01 /* DeepgramProvider.swift in Sources */,
				GRP00001000000000000B01 /* GroqProvider.swift in Sources */,
				CPL00001000000000000B01 /* CopilotProvider.swift in Sources */,
				CPL00003000000000000B01 /* CopilotOAuth.swift in Sources */,
				KIL00001000000000000B01 /* KiloProvider.swift in Sources */,
				KIL00003000000000000B01 /* KiloUsageSource.swift in Sources */,
				KIL00005000000000000B01 /* KiloOrganization.swift in Sources */,
				PCR00001000000000000B01 /* ProviderCookieReader.swift in Sources */,
				CMC00001000000000000B01 /* CommandCodeProvider.swift in Sources */,
				FRM00001000000000000B01 /* FreemodelProvider.swift in Sources */,
				MIM00001000000000000B01 /* MiMoProvider.swift in Sources */,
				CUR00001000000000000B01 /* CursorProvider.swift in Sources */,
				ALB00001000000000000B01 /* AlibabaProvider.swift in Sources */,
				OPC00001000000000000B01 /* OpenCodeProvider.swift in Sources */,
				OCG00001000000000000B01 /* OpenCodeGoProvider.swift in Sources */,
				GEM00001000000000000B01 /* GeminiProvider.swift in Sources */,
				KRO00001000000000000B01 /* KiroProvider.swift in Sources */,
				ANT00001000000000000B01 /* AntigravityProvider.swift in Sources */,
				ANT00003000000000000B01 /* AntigravityOAuth.swift in Sources */,
				BED00001000000000000B01 /* BedrockProvider.swift in Sources */,
				PVD0001000000000000B001 /* ClaudeCLIVersionDetector.swift in Sources */,
				DDDD000B0000000000B006 /* HapoHubConfig.swift in Sources */,
				DDDD000D0000000000B007 /* HapoHubProvider.swift in Sources */,
				DDDD000F0000000000B008 /* MockHapoHubProvider.swift in Sources */,
				DDDD00110000000000B009 /* HapoHubFactory.swift in Sources */,
				DDDD00130000000000B00A /* PopoverView.swift in Sources */,
				DDDD00150000000000B00B /* MenuBarIcon.swift in Sources */,
				DDDD00170000000000B00C /* QuotaBar.swift in Sources */,
				DDDD00190000000000B00D /* ProviderRow.swift in Sources */,
				DDDD001B0000000000B00E /* QuotaPanel.swift in Sources */,
				DDDD001D0000000000B00F /* ConfigPanel.swift in Sources */,
				SET0001000000000000B001 /* SettingsStore.swift in Sources */,
				L10N0001000000000000B001 /* AppLocalizer.swift in Sources */,
				FR0001000000000000B001 /* BirdNionConfigStore.swift in Sources */,

				SET0005000000000000B003 /* SettingsTab.swift in Sources */,
				SET0007000000000000B004 /* SettingsTabBar.swift in Sources */,
				SET0009000000000000B005 /* SettingsSceneRoot.swift in Sources */,
				SET000B0000000000B006 /* GeneralPane.swift in Sources */,
				SET000D0000000000B007 /* ProvidersPane.swift in Sources */,
				SET000F0000000000B008 /* DisplayPane.swift in Sources */,
				SET00110000000000B009 /* AdvancedPane.swift in Sources */,
				SET00130000000000B00A /* AboutPane.swift in Sources */,
				SET00150000000000B00B /* AboutLinkRow.swift in Sources */,
				SET00170000000000B00C /* DebugPane.swift in Sources */,
				C0DE0001000000000000B001 /* CodexAuth.swift in Sources */,
				C0DE0003000000000000B002 /* CodexUsageAPI.swift in Sources */,
				C0DE00C0000000000000B0C0 /* CodexCostScanner.swift in Sources */,
				CC0002000000000000B001 /* ClaudeCostScanner.swift in Sources */,
				MV0001000000000000B001 /* MenuBarVisibility.swift in Sources */,
				C0DE00C2000000000000B0C2 /* CodexAccountStore.swift in Sources */,
				C0DE00C6000000000000B0C6 /* TextParsing.swift in Sources */,
				C0DE00C8000000000000B0C8 /* CodexStatusProbe.swift in Sources */,
				C0DE00CA000000000000B0CA /* CodexResetCreditsAPI.swift in Sources */,
				C0DE00CC000000000000B0CC /* CodexAppServerRPC.swift in Sources */,
				C0DE00CE000000000000B0CE /* CodexCLILaunchGate.swift in Sources */,
				C0DE00D0000000000000B0D0 /* CodexSystemAccountObserver.swift in Sources */,
				C0DE00D2000000000000B0D2 /* CodexAccountSnapshotStore.swift in Sources */,
				C0DE00D4000000000000B0D4 /* CodexWebDashboard.swift in Sources */,
				C0DE0005000000000000B003 /* CodexProvider.swift in Sources */,
				CPFL0001000000000000B001 /* CodexPlanFormatting.swift in Sources */,
				CPFL0003000000000000B002 /* CodexRateWindowNormalizer.swift in Sources */,
				FFFF0001000000000000B001 /* AppDelegate.swift in Sources */,
				FFFF0003000000000000B002 /* ServicesContainer.swift in Sources */,
			);
			runOnlyForDeploymentPostprocessing = 0;
		};
/* End PBXSourcesBuildPhase section */

/* Begin XCBuildConfiguration section */
		AAAA0012000000000000C001 /* Debug */ = {
			isa = XCBuildConfiguration;
			buildSettings = {
				ALWAYS_SEARCH_USER_PATHS = NO;
				CLANG_ENABLE_MODULES = YES;
				CLANG_ENABLE_OBJC_ARC = YES;
				CLANG_WARN_DOCUMENTATION_COMMENTS = YES;
				CLANG_WARN_UNGUARDED_AVAILABILITY = YES_AGGRESSIVE;
				CODE_SIGN_IDENTITY = "-";
				CODE_SIGN_STYLE = Manual;
				CODE_SIGNING_REQUIRED = NO;
				CODE_SIGNING_ALLOWED = NO;
				COPY_PHASE_STRIP = NO;
				DEBUG_INFORMATION_FORMAT = dwarf;
				ENABLE_STRICT_OBJC_MSGSEND = YES;
				ENABLE_TESTABILITY = YES;
				GCC_C_LANGUAGE_STANDARD = gnu17;
				GCC_DYNAMIC_NO_PIC = NO;
				GCC_OPTIMIZATION_LEVEL = 0;
				GCC_PREPROCESSOR_DEFINITIONS = (
					"DEBUG=1",
					"$(inherited)",
				);
				GCC_WARN_ABOUT_RETURN_TYPE = YES_ERROR;
				GCC_WARN_UNDECLARED_SELECTOR = YES;
				MACOSX_DEPLOYMENT_TARGET = 14.0;
				MTL_ENABLE_DEBUG_INFO = INCLUDE_SOURCE;
				ONLY_ACTIVE_ARCH = YES;
				SDKROOT = macosx;
				SWIFT_ACTIVE_COMPILATION_CONDITIONS = "DEBUG $(inherited)";
				SWIFT_OPTIMIZATION_LEVEL = "-Onone";
				SWIFT_VERSION = 5.0;
			};
			name = Debug;
		};
		AAAA0013000000000000C002 /* Release */ = {
			isa = XCBuildConfiguration;
			buildSettings = {
				ALWAYS_SEARCH_USER_PATHS = NO;
				CLANG_ENABLE_MODULES = YES;
				CLANG_ENABLE_OBJC_ARC = YES;
				CLANG_WARN_DOCUMENTATION_COMMENTS = YES;
				CLANG_WARN_UNGUARDED_AVAILABILITY = YES_AGGRESSIVE;
				CODE_SIGN_IDENTITY = "-";
				CODE_SIGN_STYLE = Manual;
				COPY_PHASE_STRIP = NO;
				DEBUG_INFORMATION_FORMAT = "dwarf-with-dsym";
				ENABLE_NS_ASSERTIONS = NO;
				ENABLE_STRICT_OBJC_MSGSEND = YES;
				GCC_C_LANGUAGE_STANDARD = gnu17;
				GCC_WARN_ABOUT_RETURN_TYPE = YES_ERROR;
				GCC_WARN_UNDECLARED_SELECTOR = YES;
				MACOSX_DEPLOYMENT_TARGET = 14.0;
				MTL_ENABLE_DEBUG_INFO = NO;
				SDKROOT = macosx;
				SWIFT_COMPILATION_MODE = wholemodule;
				SWIFT_OPTIMIZATION_LEVEL = "-O";
				SWIFT_VERSION = 5.0;
			};
			name = Release;
		};
		AAAA0016000000000000C003 /* Debug */ = {
			isa = XCBuildConfiguration;
			buildSettings = {
				ASSETCATALOG_COMPILER_APPICON_NAME = AppIcon;
				CODE_SIGN_IDENTITY = "-";
				CODE_SIGN_STYLE = Manual;
				CODE_SIGNING_REQUIRED = NO;
				CODE_SIGNING_ALLOWED = NO;
				COMBINE_HIDPI_IMAGES = YES;
				CURRENT_PROJECT_VERSION = 1;
				ENABLE_HARDENED_RUNTIME = YES;
				GENERATE_INFOPLIST_FILE = NO;
				INFOPLIST_FILE = BirdNion/Info.plist;
				INFOPLIST_KEY_CFBundleDisplayName = "BirdNion";
				INFOPLIST_KEY_LSUIElement = YES;
				INFOPLIST_KEY_NSHumanReadableCopyright = "Copyright © 2026. All rights reserved.";
				LD_RUNPATH_SEARCH_PATHS = (
					"$(inherited)",
					"@executable_path/../Frameworks",
				);
				MACOSX_DEPLOYMENT_TARGET = 14.0;
				MARKETING_VERSION = 0.6.5;
				PRODUCT_BUNDLE_IDENTIFIER = "com.local.birdnion";
				PRODUCT_NAME = "$(TARGET_NAME)";
				SWIFT_EMIT_LOC_STRINGS = YES;
				SWIFT_VERSION = 5.0;
			};
			name = Debug;
		};
		AAAA0017000000000000C004 /* Release */ = {
			isa = XCBuildConfiguration;
			buildSettings = {
				ASSETCATALOG_COMPILER_APPICON_NAME = AppIcon;
				CODE_SIGN_IDENTITY = "-";
				CODE_SIGN_STYLE = Manual;
				COMBINE_HIDPI_IMAGES = YES;
				CURRENT_PROJECT_VERSION = 1;
				ENABLE_HARDENED_RUNTIME = YES;
				GENERATE_INFOPLIST_FILE = NO;
				INFOPLIST_FILE = BirdNion/Info.plist;
				INFOPLIST_KEY_CFBundleDisplayName = "BirdNion";
				INFOPLIST_KEY_LSUIElement = YES;
				INFOPLIST_KEY_NSHumanReadableCopyright = "Copyright © 2026. All rights reserved.";
				LD_RUNPATH_SEARCH_PATHS = (
					"$(inherited)",
					"@executable_path/../Frameworks",
				);
				MACOSX_DEPLOYMENT_TARGET = 14.0;
				MARKETING_VERSION = 0.6.5;
				PRODUCT_BUNDLE_IDENTIFIER = "com.local.birdnion";
				PRODUCT_NAME = "$(TARGET_NAME)";
				SWIFT_EMIT_LOC_STRINGS = YES;
				SWIFT_VERSION = 5.0;
			};
			name = Release;
		};
/* End XCBuildConfiguration section */

/* Begin XCConfigurationList section */
		AAAA0011000000000000CL001 /* Build configuration list for PBXProject "BirdNion" */ = {
			isa = XCConfigurationList;
			buildConfigurations = (
				AAAA0012000000000000C001 /* Debug */,
				AAAA0013000000000000C002 /* Release */,
			);
			defaultConfigurationIsVisible = 0;
			defaultConfigurationName = Release;
		};
		AAAA0015000000000000CL002 /* Build configuration list for PBXNativeTarget "BirdNion" */ = {
			isa = XCConfigurationList;
			buildConfigurations = (
				AAAA0016000000000000C003 /* Debug */,
				AAAA0017000000000000C004 /* Release */,
			);
			defaultConfigurationIsVisible = 0;
			defaultConfigurationName = Release;
		};
/* End XCConfigurationList section */

/* Begin XCBuildConfiguration section */
		CCCC0016000000000000TC01 /* Debug */ = {
			isa = XCBuildConfiguration;
			buildSettings = {
				ALWAYS_SEARCH_USER_PATHS = NO;
				CODE_SIGN_IDENTITY = "-";
				CODE_SIGN_STYLE = Manual;
				CODE_SIGNING_REQUIRED = NO;
				CODE_SIGNING_ALLOWED = NO;
				COPY_PHASE_STRIP = NO;
				DEBUG_INFORMATION_FORMAT = dwarf;
				GCC_C_LANGUAGE_STANDARD = gnu17;
				GCC_DYNAMIC_NO_PIC = NO;
				GCC_OPTIMIZATION_LEVEL = 0;
				GCC_PREPROCESSOR_DEFINITIONS = (
					"DEBUG=1",
					"$(inherited)",
				);
				MACOSX_DEPLOYMENT_TARGET = 14.0;
				ONLY_ACTIVE_ARCH = YES;
				SDKROOT = macosx;
				SWIFT_ACTIVE_COMPILATION_CONDITIONS = "DEBUG $(inherited)";
				SWIFT_MODULE_NAME = BirdNionTests;
				SWIFT_OPTIMIZATION_LEVEL = "-Onone";
				SWIFT_VERSION = 5.0;
				PRODUCT_NAME = BirdNionTests;
				PRODUCT_BUNDLE_IDENTIFIER = "com.local.birdnion.tests";
				TEST_HOST = "$(BUILT_PRODUCTS_DIR)/BirdNion.app/Contents/MacOS/BirdNion";
				BUNDLE_LOADER = "$(TEST_HOST)";
			};
			name = Debug;
		};
		CCCC0017000000000000TC02 /* Release */ = {
			isa = XCBuildConfiguration;
			buildSettings = {
				ALWAYS_SEARCH_USER_PATHS = NO;
				CODE_SIGN_IDENTITY = "-";
				CODE_SIGN_STYLE = Manual;
				COMBINE_HIDPI_IMAGES = YES;
				COPY_PHASE_STRIP = NO;
				DEBUG_INFORMATION_FORMAT = "dwarf-with-dsym";
				GCC_C_LANGUAGE_STANDARD = gnu17;
				MACOSX_DEPLOYMENT_TARGET = 14.0;
				SDKROOT = macosx;
				SWIFT_VERSION = 5.0;

				TEST_HOST = "$(BUILT_PRODUCTS_DIR)/BirdNion.app/Contents/MacOS/BirdNion";
				BUNDLE_LOADER = "$(TEST_HOST)";
			};
			name = Release;
		};
/* End XCBuildConfiguration section */

/* Begin XCConfigurationList section */
		CCCC0018000000000000CL003 /* Build configuration list for PBXNativeTarget "BirdNionTests" */ = {
			isa = XCConfigurationList;
			buildConfigurations = (
				CCCC0016000000000000TC01 /* Debug */,
				CCCC0017000000000000TC02 /* Release */,
			);
			defaultConfigurationIsVisible = 0;
			defaultConfigurationName = Release;
		};
/* End XCConfigurationList section */
	};
	rootObject = AAAA0010000000000000P001 /* Project object */;
}
